
Microsoft Visual Studio Solution File, Format Version 12.00
# Visual Studio Version 17
VisualStudioVersion = 17.12.35527.113 d17.12
MinimumVisualStudioVersion = 10.0.40219.1
Project("{FAE04EC0-301F-11D3-BF4B-00C04F79EFBC}") = "Log4OM-Starter", "Log4OM-Starter\Log4OM-Starter.csproj", "{5F0AD2D4-8CB4-4898-8B10-AADC6B95F214}"
EndProject
Global
	GlobalSection(SolutionConfigurationPlatforms) = preSolution
		Debug|Any CPU = Debug|Any CPU
		Release|Any CPU = Release|Any CPU
	EndGlobalSection
	GlobalSection(ProjectConfigurationPlatforms) = postSolution
		{5F0AD2D4-8CB4-4898-8B10-AADC6B95F214}.Debug|Any CPU.ActiveCfg = Debug|Any CPU
		{5F0AD2D4-8CB4-4898-8B10-AADC6B95F214}.Debug|Any CPU.Build.0 = Debug|Any CPU
		{5F0AD2D4-8CB4-4898-8B10-AADC6B95F214}.Release|Any CPU.ActiveCfg = Release|Any CPU
		{5F0AD2D4-8CB4-4898-8B10-AADC6B95F214}.Release|Any CPU.Build.0 = Release|Any CPU
	EndGlobalSection
	GlobalSection(SolutionProperties) = preSolution
		HideSolutionNode = FALSE
	EndGlobalSection
EndGlobal
